
Microsoft Visual Studio Solution File, Format Version 12.00
# Visual Studio Version 16
VisualStudioVersion = 16.0.29424.173
MinimumVisualStudioVersion = 10.0.40219.1
Project("{151D2E53-A2C4-4D7D-83FE-D05416EBD58E}") = "M Scale Set test 05", "M Scale Set test 05.deployproj", "{73CD7746-EC52-4200-AA6B-794F76B24CD0}"
EndProject
Global
	GlobalSection(SolutionConfigurationPlatforms) = preSolution
		Debug|Any CPU = Debug|Any CPU
		Release|Any CPU = Release|Any CPU
	EndGlobalSection
	GlobalSection(ProjectConfigurationPlatforms) = postSolution
		{73CD7746-EC52-4200-AA6B-794F76B24CD0}.Debug|Any CPU.ActiveCfg = Debug|Any CPU
		{73CD7746-EC52-4200-AA6B-794F76B24CD0}.Debug|Any CPU.Build.0 = Debug|Any CPU
		{73CD7746-EC52-4200-AA6B-794F76B24CD0}.Release|Any CPU.ActiveCfg = Release|Any CPU
		{73CD7746-EC52-4200-AA6B-794F76B24CD0}.Release|Any CPU.Build.0 = Release|Any CPU
	EndGlobalSection
	GlobalSection(SolutionProperties) = preSolution
		HideSolutionNode = FALSE
	EndGlobalSection
	GlobalSection(ExtensibilityGlobals) = postSolution
		SolutionGuid = {62E96C74-445C-4B2E-97B9-50B5676929BC}
	EndGlobalSection
EndGlobal
